
Microsoft Visual Studio Solution File, Format Version 12.00
# Visual Studio 15
VisualStudioVersion = 15.0.26124.0
MinimumVisualStudioVersion = 15.0.26124.0
Project("{9A19103F-16F7-4668-BE54-9A1E7A4F7556}") = "SignalRChat", "SignalR\SignalRChat.csproj", "{A541FAD2-195E-4D85-9F53-C32E767806B0}"
EndProject
Project("{2150E333-8FDC-42A3-9474-1A3956D46DE8}") = "RazorPageClassLibrary", "RazorPageClassLibrary", "{512C942D-CDEE-410B-859C-01074A941382}"
EndProject
Project("{9A19103F-16F7-4668-BE54-9A1E7A4F7556}") = "RazorUIClassLib", "RazorClassLibraries\RazorUIClassLib\RazorUIClassLib.csproj", "{98B28303-8DD6-4440-980F-C3048CCCFD46}"
EndProject
Project("{9A19103F-16F7-4668-BE54-9A1E7A4F7556}") = "RazorUIWebApp", "RazorClassLibraries\RazorUIWebApp\RazorUIWebApp.csproj", "{90D9CC29-C775-4FB0-9164-B80186255E89}"
EndProject
Project("{FAE04EC0-301F-11D3-BF4B-00C04F79EFBC}") = "ScaffoldIdentity", "ScaffoldIdentity\ScaffoldIdentity.csproj", "{62C16ABB-C0A2-4E37-B3F0-6E3D9F638477}"
EndProject
Project("{FAE04EC0-301F-11D3-BF4B-00C04F79EFBC}") = "GDPR", "GDPR\GDPR.csproj", "{EBB449CB-AED1-45BD-9A1D-181CD73D154B}"
EndProject
Global
	GlobalSection(SolutionConfigurationPlatforms) = preSolution
		Debug|Any CPU = Debug|Any CPU
		Debug|x64 = Debug|x64
		Debug|x86 = Debug|x86
		Release|Any CPU = Release|Any CPU
		Release|x64 = Release|x64
		Release|x86 = Release|x86
	EndGlobalSection
	GlobalSection(ProjectConfigurationPlatforms) = postSolution
		{A541FAD2-195E-4D85-9F53-C32E767806B0}.Debug|Any CPU.ActiveCfg = Debug|Any CPU
		{A541FAD2-195E-4D85-9F53-C32E767806B0}.Debug|Any CPU.Build.0 = Debug|Any CPU
		{A541FAD2-195E-4D85-9F53-C32E767806B0}.Debug|x64.ActiveCfg = Debug|Any CPU
		{A541FAD2-195E-4D85-9F53-C32E767806B0}.Debug|x64.Build.0 = Debug|Any CPU
		{A541FAD2-195E-4D85-9F53-C32E767806B0}.Debug|x86.ActiveCfg = Debug|Any CPU
		{A541FAD2-195E-4D85-9F53-C32E767806B0}.Debug|x86.Build.0 = Debug|Any CPU
		{A541FAD2-195E-4D85-9F53-C32E767806B0}.Release|Any CPU.ActiveCfg = Release|Any CPU
		{A541FAD2-195E-4D85-9F53-C32E767806B0}.Release|Any CPU.Build.0 = Release|Any CPU
		{A541FAD2-195E-4D85-9F53-C32E767806B0}.Release|x64.ActiveCfg = Release|Any CPU
		{A541FAD2-195E-4D85-9F53-C32E767806B0}.Release|x64.Build.0 = Release|Any CPU
		{A541FAD2-195E-4D85-9F53-C32E767806B0}.Release|x86.ActiveCfg = Release|Any CPU
		{A541FAD2-195E-4D85-9F53-C32E767806B0}.Release|x86.Build.0 = Release|Any CPU
		{98B28303-8DD6-4440-980F-C3048CCCFD46}.Debug|Any CPU.ActiveCfg = Debug|Any CPU
		{98B28303-8DD6-4440-980F-C3048CCCFD46}.Debug|Any CPU.Build.0 = Debug|Any CPU
		{98B28303-8DD6-4440-980F-C3048CCCFD46}.Debug|x64.ActiveCfg = Debug|Any CPU
		{98B28303-8DD6-4440-980F-C3048CCCFD46}.Debug|x64.Build.0 = Debug|Any CPU
		{98B28303-8DD6-4440-980F-C3048CCCFD46}.Debug|x86.ActiveCfg = Debug|Any CPU
		{98B28303-8DD6-4440-980F-C3048CCCFD46}.Debug|x86.Build.0 = Debug|Any CPU
		{98B28303-8DD6-4440-980F-C3048CCCFD46}.Release|Any CPU.ActiveCfg = Release|Any CPU
		{98B28303-8DD6-4440-980F-C3048CCCFD46}.Release|Any CPU.Build.0 = Release|Any CPU
		{98B28303-8DD6-4440-980F-C3048CCCFD46}.Release|x64.ActiveCfg = Release|Any CPU
		{98B28303-8DD6-4440-980F-C3048CCCFD46}.Release|x64.Build.0 = Release|Any CPU
		{98B28303-8DD6-4440-980F-C3048CCCFD46}.Release|x86.ActiveCfg = Release|Any CPU
		{98B28303-8DD6-4440-980F-C3048CCCFD46}.Release|x86.Build.0 = Release|Any CPU
		{90D9CC29-C775-4FB0-9164-B80186255E89}.Debug|Any CPU.ActiveCfg = Debug|Any CPU
		{90D9CC29-C775-4FB0-9164-B80186255E89}.Debug|Any CPU.Build.0 = Debug|Any CPU
		{90D9CC29-C775-4FB0-9164-B80186255E89}.Debug|x64.ActiveCfg = Debug|Any CPU
		{90D9CC29-C775-4FB0-9164-B80186255E89}.Debug|x64.Build.0 = Debug|Any CPU
		{90D9CC29-C775-4FB0-9164-B80186255E89}.Debug|x86.ActiveCfg = Debug|Any CPU
		{90D9CC29-C775-4FB0-9164-B80186255E89}.Debug|x86.Build.0 = Debug|Any CPU
		{90D9CC29-C775-4FB0-9164-B80186255E89}.Release|Any CPU.ActiveCfg = Release|Any CPU
		{90D9CC29-C775-4FB0-9164-B80186255E89}.Release|Any CPU.Build.0 = Release|Any CPU
		{90D9CC29-C775-4FB0-9164-B80186255E89}.Release|x64.ActiveCfg = Release|Any CPU
		{90D9CC29-C775-4FB0-9164-B80186255E89}.Release|x64.Build.0 = Release|Any CPU
		{90D9CC29-C775-4FB0-9164-B80186255E89}.Release|x86.ActiveCfg = Release|Any CPU
		{90D9CC29-C775-4FB0-9164-B80186255E89}.Release|x86.Build.0 = Release|Any CPU
		{62C16ABB-C0A2-4E37-B3F0-6E3D9F638477}.Debug|Any CPU.ActiveCfg = Debug|Any CPU
		{62C16ABB-C0A2-4E37-B3F0-6E3D9F638477}.Debug|Any CPU.Build.0 = Debug|Any CPU
		{62C16ABB-C0A2-4E37-B3F0-6E3D9F638477}.Debug|x64.ActiveCfg = Debug|Any CPU
		{62C16ABB-C0A2-4E37-B3F0-6E3D9F638477}.Debug|x64.Build.0 = Debug|Any CPU
		{62C16ABB-C0A2-4E37-B3F0-6E3D9F638477}.Debug|x86.ActiveCfg = Debug|Any CPU
		{62C16ABB-C0A2-4E37-B3F0-6E3D9F638477}.Debug|x86.Build.0 = Debug|Any CPU
		{62C16ABB-C0A2-4E37-B3F0-6E3D9F638477}.Release|Any CPU.ActiveCfg = Release|Any CPU
		{62C16ABB-C0A2-4E37-B3F0-6E3D9F638477}.Release|Any CPU.Build.0 = Release|Any CPU
		{62C16ABB-C0A2-4E37-B3F0-6E3D9F638477}.Release|x64.ActiveCfg = Release|Any CPU
		{62C16ABB-C0A2-4E37-B3F0-6E3D9F638477}.Release|x64.Build.0 = Release|Any CPU
		{62C16ABB-C0A2-4E37-B3F0-6E3D9F638477}.Release|x86.ActiveCfg = Release|Any CPU
		{62C16ABB-C0A2-4E37-B3F0-6E3D9F638477}.Release|x86.Build.0 = Release|Any CPU
		{EBB449CB-AED1-45BD-9A1D-181CD73D154B}.Debug|Any CPU.ActiveCfg = Debug|Any CPU
		{EBB449CB-AED1-45BD-9A1D-181CD73D154B}.Debug|Any CPU.Build.0 = Debug|Any CPU
		{EBB449CB-AED1-45BD-9A1D-181CD73D154B}.Debug|x64.ActiveCfg = Debug|Any CPU
		{EBB449CB-AED1-45BD-9A1D-181CD73D154B}.Debug|x64.Build.0 = Debug|Any CPU
		{EBB449CB-AED1-45BD-9A1D-181CD73D154B}.Debug|x86.ActiveCfg = Debug|Any CPU
		{EBB449CB-AED1-45BD-9A1D-181CD73D154B}.Debug|x86.Build.0 = Debug|Any CPU
		{EBB449CB-AED1-45BD-9A1D-181CD73D154B}.Release|Any CPU.ActiveCfg = Release|Any CPU
		{EBB449CB-AED1-45BD-9A1D-181CD73D154B}.Release|Any CPU.Build.0 = Release|Any CPU
		{EBB449CB-AED1-45BD-9A1D-181CD73D154B}.Release|x64.ActiveCfg = Release|Any CPU
		{EBB449CB-AED1-45BD-9A1D-181CD73D154B}.Release|x64.Build.0 = Release|Any CPU
		{EBB449CB-AED1-45BD-9A1D-181CD73D154B}.Release|x86.ActiveCfg = Release|Any CPU
		{EBB449CB-AED1-45BD-9A1D-181CD73D154B}.Release|x86.Build.0 = Release|Any CPU
	EndGlobalSection
	GlobalSection(SolutionProperties) = preSolution
		HideSolutionNode = FALSE
	EndGlobalSection
	GlobalSection(NestedProjects) = preSolution
		{98B28303-8DD6-4440-980F-C3048CCCFD46} = {512C942D-CDEE-410B-859C-01074A941382}
		{90D9CC29-C775-4FB0-9164-B80186255E89} = {512C942D-CDEE-410B-859C-01074A941382}
	EndGlobalSection
	GlobalSection(ExtensibilityGlobals) = postSolution
		SolutionGuid = {7105F65C-AA20-4022-96DD-E0E22927BBC7}
	EndGlobalSection
EndGlobal
